
Microsoft Visual Studio Solution File, Format Version 12.00
# Visual Studio Version 16
VisualStudioVersion = 16.0.29503.13
MinimumVisualStudioVersion = 10.0.40219.1
Project("{888888A0-9F3D-457C-B088-3A5042F75D52}") = "py_1111", "py_1111\py_1111.pyproj", "{2E96E400-9D6E-407C-AAA1-9E02E42077BD}"
EndProject
Global
	GlobalSection(SolutionConfigurationPlatforms) = preSolution
		Debug|Any CPU = Debug|Any CPU
		Release|Any CPU = Release|Any CPU
	EndGlobalSection
	GlobalSection(ProjectConfigurationPlatforms) = postSolution
		{2E96E400-9D6E-407C-AAA1-9E02E42077BD}.Debug|Any CPU.ActiveCfg = Debug|Any CPU
		{2E96E400-9D6E-407C-AAA1-9E02E42077BD}.Release|Any CPU.ActiveCfg = Release|Any CPU
	EndGlobalSection
	GlobalSection(SolutionProperties) = preSolution
		HideSolutionNode = FALSE
	EndGlobalSection
	GlobalSection(ExtensibilityGlobals) = postSolution
		SolutionGuid = {5F3446E2-619D-4934-86A0-26021FB86043}
	EndGlobalSection
EndGlobal
