
Microsoft Visual Studio Solution File, Format Version 12.00
# Visual Studio Version 16
VisualStudioVersion = 16.0.29503.13
MinimumVisualStudioVersion = 10.0.40219.1
Project("{888888A0-9F3D-457C-B088-3A5042F75D52}") = "py_1114", "py_1114\py_1114.pyproj", "{FA7E1D3E-D4B8-499E-8E56-E8AB9B096457}"
EndProject
Global
	GlobalSection(SolutionConfigurationPlatforms) = preSolution
		Debug|Any CPU = Debug|Any CPU
		Release|Any CPU = Release|Any CPU
	EndGlobalSection
	GlobalSection(ProjectConfigurationPlatforms) = postSolution
		{FA7E1D3E-D4B8-499E-8E56-E8AB9B096457}.Debug|Any CPU.ActiveCfg = Debug|Any CPU
		{FA7E1D3E-D4B8-499E-8E56-E8AB9B096457}.Release|Any CPU.ActiveCfg = Release|Any CPU
	EndGlobalSection
	GlobalSection(SolutionProperties) = preSolution
		HideSolutionNode = FALSE
	EndGlobalSection
	GlobalSection(ExtensibilityGlobals) = postSolution
		SolutionGuid = {5B78F56F-47E8-4AAE-A870-194A46A1E322}
	EndGlobalSection
EndGlobal
