
Microsoft Visual Studio Solution File, Format Version 12.00
# Visual Studio Version 16
VisualStudioVersion = 16.0.29503.13
MinimumVisualStudioVersion = 10.0.40219.1
Project("{888888A0-9F3D-457C-B088-3A5042F75D52}") = "py_1128", "py_1128\py_1128.pyproj", "{59EBE764-038A-47C7-815E-2F268A02262B}"
EndProject
Global
	GlobalSection(SolutionConfigurationPlatforms) = preSolution
		Debug|Any CPU = Debug|Any CPU
		Release|Any CPU = Release|Any CPU
	EndGlobalSection
	GlobalSection(ProjectConfigurationPlatforms) = postSolution
		{59EBE764-038A-47C7-815E-2F268A02262B}.Debug|Any CPU.ActiveCfg = Debug|Any CPU
		{59EBE764-038A-47C7-815E-2F268A02262B}.Release|Any CPU.ActiveCfg = Release|Any CPU
	EndGlobalSection
	GlobalSection(SolutionProperties) = preSolution
		HideSolutionNode = FALSE
	EndGlobalSection
	GlobalSection(ExtensibilityGlobals) = postSolution
		SolutionGuid = {2E7B9343-051C-43D2-82A6-83768626CB87}
	EndGlobalSection
EndGlobal
